{
  "requires": true,
  "lockfileVersion": 1,
  "dependencies": {
    "cross-fetch": {
      "version": "2.2.2",
      "resolved": "https://registry.npmjs.org/cross-fetch/-/cross-fetch-2.2.2.tgz",
      "integrity": "sha1-pH/09/xxLauo9qaVoRyUhEDUVyM=",
      "requires": {
        "node-fetch": "2.1.2",
        "whatwg-fetch": "2.0.4"
      },
      "dependencies": {
        "node-fetch": {
          "version": "2.1.2",
          "resolved": "https://registry.npmjs.org/node-fetch/-/node-fetch-2.1.2.tgz",
          "integrity": "sha1-q4hOjn5X44qUR1POxwb3iNF2i7U="
        }
      }
    },
    "github-now-playing": {
      "version": "1.0.0",
      "resolved": "https://registry.npmjs.org/github-now-playing/-/github-now-playing-1.0.0.tgz",
      "integrity": "sha512-1udoMsVsUqYDPY8EEJeFEuvw9SY7E8M7hNyFKz2yZ5CJjYd6u8h8s+gOCOfeNUQQvAu7lJKDB3t0Ld4r8/Cauw==",
      "requires": {
        "github-profile-status": "^1.0.0",
        "node-fetch": "^2.6.0",
        "osascript-tag": "^0.1.2",
        "yanl": "^0.1.0-beta.0"
      }
    },
    "github-profile-status": {
      "version": "1.0.0",
      "resolved": "https://registry.npmjs.org/github-profile-status/-/github-profile-status-1.0.0.tgz",
      "integrity": "sha512-ieR2Zgmw1x0WhVfgQqBBtkNeXKtnfzPKcABz2eM1C+lJFU/4HvfuhUWCSyP4m5VSv/lB/pBlrF/YOqbAVlGaRg==",
      "requires": {
        "graphql-request": "^1.8.2"
      }
    },
    "graphql-request": {
      "version": "1.8.2",
      "resolved": "https://registry.npmjs.org/graphql-request/-/graphql-request-1.8.2.tgz",
      "integrity": "sha512-dDX2M+VMsxXFCmUX0Vo0TopIZIX4ggzOtiCsThgtrKR4niiaagsGTDIHj3fsOMFETpa064vzovI+4YV4QnMbcg==",
      "requires": {
        "cross-fetch": "2.2.2"
      }
    },
    "node-fetch": {
      "version": "2.6.0",
      "resolved": "https://registry.npmjs.org/node-fetch/-/node-fetch-2.6.0.tgz",
      "integrity": "sha512-8dG4H5ujfvFiqDmVu9fQ5bOHUC15JMjMY/Zumv26oOvvVJjM67KF8koCWIabKQ1GJIa9r2mMZscBq/TbdOcmNA=="
    },
    "osascript-tag": {
      "version": "0.1.2",
      "resolved": "https://registry.npmjs.org/osascript-tag/-/osascript-tag-0.1.2.tgz",
      "integrity": "sha512-aAp0P3/liaNfWGVkwWYlUv8z/kB3+fsdhTHFdsenMOqsS4DayJlUeoc4Rw7Zgqh18jRSAZzQAsODS7Qku3weUg=="
    },
    "whatwg-fetch": {
      "version": "2.0.4",
      "resolved": "https://registry.npmjs.org/whatwg-fetch/-/whatwg-fetch-2.0.4.tgz",
      "integrity": "sha512-dcQ1GWpOD/eEQ97k66aiEVpNnapVj90/+R+SXTPYGHpYBBypfKJEQjLrvMZ7YXbKm21gXd4NcuxUTjiv1YtLng=="
    },
    "yanl": {
      "version": "0.1.0-beta.0",
      "resolved": "https://registry.npmjs.org/yanl/-/yanl-0.1.0-beta.0.tgz",
      "integrity": "sha512-OxV0l0FaV1RssceOnrIxNY++FZionZo6hu4rnJ3mXkCNHjeqrKcCwhBWoJKakQjRkknoaifiC3SP1cN5ATSZgA=="
    }
  }
}
